
Microsoft Visual Studio Solution File, Format Version 12.00
# Visual Studio Version 17
VisualStudioVersion = 17.11.35219.272
MinimumVisualStudioVersion = 10.0.40219.1
Project("{9A19103F-16F7-4668-BE54-9A1E7A4F7556}") = "Helloworld", "Helloworld\Helloworld.csproj", "{9451B4AA-6FB1-4202-8A5A-C88F0CFE1066}"
EndProject
Project("{2150E333-8FDC-42A3-9474-1A3956D46DE8}") = "Hello_World", "Hello_World", "{D019CF30-39DA-454D-B470-027A7748C543}"
EndProject
Project("{9A19103F-16F7-4668-BE54-9A1E7A4F7556}") = "Calculator", "Calculator\Calculator.csproj", "{64DFCEF5-0FCE-4EC6-AD04-D00B4CB7BD95}"
EndProject
Project("{2150E333-8FDC-42A3-9474-1A3956D46DE8}") = "Calculator_Console", "Calculator_Console", "{AF6A5C13-88EE-4179-A99B-E68353083153}"
EndProject
Project("{2150E333-8FDC-42A3-9474-1A3956D46DE8}") = "Quiz2", "Quiz2", "{ECF72ECA-4E5A-46B9-9E15-55CE9DB59B1D}"
EndProject
Project("{FAE04EC0-301F-11D3-BF4B-00C04F79EFBC}") = "Quiz2", "Quiz2\Quiz2.csproj", "{A437BE54-21A0-456B-9EF7-F8941EC136E4}"
EndProject
Project("{FAE04EC0-301F-11D3-BF4B-00C04F79EFBC}") = "LogicalOperators", "LogicalOperators\LogicalOperators.csproj", "{2C99FA4E-7C16-4541-9E3F-69B5A9DCA6C2}"
EndProject
Project("{2150E333-8FDC-42A3-9474-1A3956D46DE8}") = "Logic", "Logic", "{EF844E29-E92E-403D-9585-481A7E82744F}"
EndProject
Project("{9A19103F-16F7-4668-BE54-9A1E7A4F7556}") = "QuizApp", "QuizApp\QuizApp.csproj", "{0242DBCD-A260-4876-B424-34C8507E96C5}"
EndProject
Project("{2150E333-8FDC-42A3-9474-1A3956D46DE8}") = "QuizApplication", "QuizApplication", "{18991F34-72AF-4712-913A-5708DD7AF006}"
EndProject
Project("{2150E333-8FDC-42A3-9474-1A3956D46DE8}") = "RNG", "RNG", "{A3A15670-CB3C-44E7-924B-B33C3F7E7178}"
EndProject
Project("{9A19103F-16F7-4668-BE54-9A1E7A4F7556}") = "RNGApp", "RNGApp\RNGApp.csproj", "{5754525B-6A56-499D-9AA6-4CE266CE5573}"
EndProject
Project("{2150E333-8FDC-42A3-9474-1A3956D46DE8}") = "SimpleCalculator", "SimpleCalculator", "{CB7AF84D-3192-4C83-BC36-FBAC2B7B7616}"
EndProject
Project("{9A19103F-16F7-4668-BE54-9A1E7A4F7556}") = "SimpleCalc", "SimpleCalc\SimpleCalc.csproj", "{372FCA39-9F5B-454C-88DC-57E997993BB6}"
EndProject
Project("{2150E333-8FDC-42A3-9474-1A3956D46DE8}") = "Chapter 1", "Chapter 1", "{5538452F-D3D2-419A-8FC4-A79BA8D075DE}"
EndProject
Project("{2150E333-8FDC-42A3-9474-1A3956D46DE8}") = "Chapter 2", "Chapter 2", "{2CB5965B-1C1E-48A3-97DF-919B694DDB90}"
EndProject
Project("{2150E333-8FDC-42A3-9474-1A3956D46DE8}") = "Chapter 3", "Chapter 3", "{6C4B8F5B-4EA2-4C7E-928E-6D841F5854DC}"
EndProject
Project("{2150E333-8FDC-42A3-9474-1A3956D46DE8}") = "LoopBasics", "LoopBasics", "{E29F3786-0255-4B31-8054-C298B761FFA1}"
EndProject
Project("{9A19103F-16F7-4668-BE54-9A1E7A4F7556}") = "ForLoop", "LoopsBasics\ForLoop.csproj", "{44D4D3A0-F628-4861-A397-4BF829522CDF}"
EndProject
Project("{2150E333-8FDC-42A3-9474-1A3956D46DE8}") = "RocketLanding", "RocketLanding", "{30798AA3-2B12-4CCE-8C25-F950CEA94763}"
EndProject
Project("{9A19103F-16F7-4668-BE54-9A1E7A4F7556}") = "Rocket", "Rocket\Rocket.csproj", "{BC3E663C-B609-4039-9F6B-1B4E77D34B2A}"
EndProject
Project("{9A19103F-16F7-4668-BE54-9A1E7A4F7556}") = "WhileLoop", "WhileLoop\WhileLoop.csproj", "{DCBB10A9-DBDC-4C5E-808F-2D72A8992A4A}"
EndProject
Project("{9A19103F-16F7-4668-BE54-9A1E7A4F7556}") = "GuessNumber", "GuessNumber\GuessNumber.csproj", "{D24672BC-4D7F-4CE6-AAA3-A09BDB2FBB57}"
EndProject
Project("{2150E333-8FDC-42A3-9474-1A3956D46DE8}") = "AdventureGame", "AdventureGame", "{635349B7-C018-47F9-BB7F-98B6542019CC}"
EndProject
Project("{9A19103F-16F7-4668-BE54-9A1E7A4F7556}") = "Adventure", "Adventure\Adventure.csproj", "{5353DF04-C5FC-47B4-A68E-40818D536B0C}"
EndProject
Project("{9A19103F-16F7-4668-BE54-9A1E7A4F7556}") = "DoLoop", "DoLoop\DoLoop.csproj", "{05AE0BE0-75B8-4F64-8AA0-E8966648F1F4}"
EndProject
Project("{9A19103F-16F7-4668-BE54-9A1E7A4F7556}") = "ForEachLoop", "ForEachLoop\ForEachLoop.csproj", "{5292FA9D-3C04-41C9-8BD4-A6C96FF7A44D}"
EndProject
Project("{FAE04EC0-301F-11D3-BF4B-00C04F79EFBC}") = "2DArrays", "2DArrays\2DArrays.csproj", "{4D5BB9D2-AC11-467B-B674-06307D3B75BB}"
EndProject
Project("{2150E333-8FDC-42A3-9474-1A3956D46DE8}") = "Chapter 4", "Chapter 4", "{14211E2B-8C04-496E-8F89-E889DAF54F66}"
EndProject
Project("{2150E333-8FDC-42A3-9474-1A3956D46DE8}") = "Methods", "Methods", "{9D71C855-E985-4CBA-8830-162217E360FF}"
EndProject
Project("{FAE04EC0-301F-11D3-BF4B-00C04F79EFBC}") = "VoidMethod", "VoidMethod\VoidMethod.csproj", "{AF94E588-3B67-4E23-B40F-D7BF8CAE1F20}"
EndProject
Global
	GlobalSection(SolutionConfigurationPlatforms) = preSolution
		Debug|Any CPU = Debug|Any CPU
		Release|Any CPU = Release|Any CPU
	EndGlobalSection
	GlobalSection(ProjectConfigurationPlatforms) = postSolution
		{9451B4AA-6FB1-4202-8A5A-C88F0CFE1066}.Debug|Any CPU.ActiveCfg = Debug|Any CPU
		{9451B4AA-6FB1-4202-8A5A-C88F0CFE1066}.Debug|Any CPU.Build.0 = Debug|Any CPU
		{9451B4AA-6FB1-4202-8A5A-C88F0CFE1066}.Release|Any CPU.ActiveCfg = Release|Any CPU
		{9451B4AA-6FB1-4202-8A5A-C88F0CFE1066}.Release|Any CPU.Build.0 = Release|Any CPU
		{64DFCEF5-0FCE-4EC6-AD04-D00B4CB7BD95}.Debug|Any CPU.ActiveCfg = Debug|Any CPU
		{64DFCEF5-0FCE-4EC6-AD04-D00B4CB7BD95}.Debug|Any CPU.Build.0 = Debug|Any CPU
		{64DFCEF5-0FCE-4EC6-AD04-D00B4CB7BD95}.Release|Any CPU.ActiveCfg = Release|Any CPU
		{64DFCEF5-0FCE-4EC6-AD04-D00B4CB7BD95}.Release|Any CPU.Build.0 = Release|Any CPU
		{A437BE54-21A0-456B-9EF7-F8941EC136E4}.Debug|Any CPU.ActiveCfg = Debug|Any CPU
		{A437BE54-21A0-456B-9EF7-F8941EC136E4}.Debug|Any CPU.Build.0 = Debug|Any CPU
		{A437BE54-21A0-456B-9EF7-F8941EC136E4}.Release|Any CPU.ActiveCfg = Release|Any CPU
		{A437BE54-21A0-456B-9EF7-F8941EC136E4}.Release|Any CPU.Build.0 = Release|Any CPU
		{2C99FA4E-7C16-4541-9E3F-69B5A9DCA6C2}.Debug|Any CPU.ActiveCfg = Debug|Any CPU
		{2C99FA4E-7C16-4541-9E3F-69B5A9DCA6C2}.Debug|Any CPU.Build.0 = Debug|Any CPU
		{2C99FA4E-7C16-4541-9E3F-69B5A9DCA6C2}.Release|Any CPU.ActiveCfg = Release|Any CPU
		{2C99FA4E-7C16-4541-9E3F-69B5A9DCA6C2}.Release|Any CPU.Build.0 = Release|Any CPU
		{0242DBCD-A260-4876-B424-34C8507E96C5}.Debug|Any CPU.ActiveCfg = Debug|Any CPU
		{0242DBCD-A260-4876-B424-34C8507E96C5}.Debug|Any CPU.Build.0 = Debug|Any CPU
		{0242DBCD-A260-4876-B424-34C8507E96C5}.Release|Any CPU.ActiveCfg = Release|Any CPU
		{0242DBCD-A260-4876-B424-34C8507E96C5}.Release|Any CPU.Build.0 = Release|Any CPU
		{5754525B-6A56-499D-9AA6-4CE266CE5573}.Debug|Any CPU.ActiveCfg = Debug|Any CPU
		{5754525B-6A56-499D-9AA6-4CE266CE5573}.Debug|Any CPU.Build.0 = Debug|Any CPU
		{5754525B-6A56-499D-9AA6-4CE266CE5573}.Release|Any CPU.ActiveCfg = Release|Any CPU
		{5754525B-6A56-499D-9AA6-4CE266CE5573}.Release|Any CPU.Build.0 = Release|Any CPU
		{372FCA39-9F5B-454C-88DC-57E997993BB6}.Debug|Any CPU.ActiveCfg = Debug|Any CPU
		{372FCA39-9F5B-454C-88DC-57E997993BB6}.Debug|Any CPU.Build.0 = Debug|Any CPU
		{372FCA39-9F5B-454C-88DC-57E997993BB6}.Release|Any CPU.ActiveCfg = Release|Any CPU
		{372FCA39-9F5B-454C-88DC-57E997993BB6}.Release|Any CPU.Build.0 = Release|Any CPU
		{44D4D3A0-F628-4861-A397-4BF829522CDF}.Debug|Any CPU.ActiveCfg = Debug|Any CPU
		{44D4D3A0-F628-4861-A397-4BF829522CDF}.Debug|Any CPU.Build.0 = Debug|Any CPU
		{44D4D3A0-F628-4861-A397-4BF829522CDF}.Release|Any CPU.ActiveCfg = Release|Any CPU
		{44D4D3A0-F628-4861-A397-4BF829522CDF}.Release|Any CPU.Build.0 = Release|Any CPU
		{BC3E663C-B609-4039-9F6B-1B4E77D34B2A}.Debug|Any CPU.ActiveCfg = Debug|Any CPU
		{BC3E663C-B609-4039-9F6B-1B4E77D34B2A}.Debug|Any CPU.Build.0 = Debug|Any CPU
		{BC3E663C-B609-4039-9F6B-1B4E77D34B2A}.Release|Any CPU.ActiveCfg = Release|Any CPU
		{BC3E663C-B609-4039-9F6B-1B4E77D34B2A}.Release|Any CPU.Build.0 = Release|Any CPU
		{DCBB10A9-DBDC-4C5E-808F-2D72A8992A4A}.Debug|Any CPU.ActiveCfg = Debug|Any CPU
		{DCBB10A9-DBDC-4C5E-808F-2D72A8992A4A}.Debug|Any CPU.Build.0 = Debug|Any CPU
		{DCBB10A9-DBDC-4C5E-808F-2D72A8992A4A}.Release|Any CPU.ActiveCfg = Release|Any CPU
		{DCBB10A9-DBDC-4C5E-808F-2D72A8992A4A}.Release|Any CPU.Build.0 = Release|Any CPU
		{D24672BC-4D7F-4CE6-AAA3-A09BDB2FBB57}.Debug|Any CPU.ActiveCfg = Debug|Any CPU
		{D24672BC-4D7F-4CE6-AAA3-A09BDB2FBB57}.Debug|Any CPU.Build.0 = Debug|Any CPU
		{D24672BC-4D7F-4CE6-AAA3-A09BDB2FBB57}.Release|Any CPU.ActiveCfg = Release|Any CPU
		{D24672BC-4D7F-4CE6-AAA3-A09BDB2FBB57}.Release|Any CPU.Build.0 = Release|Any CPU
		{5353DF04-C5FC-47B4-A68E-40818D536B0C}.Debug|Any CPU.ActiveCfg = Debug|Any CPU
		{5353DF04-C5FC-47B4-A68E-40818D536B0C}.Debug|Any CPU.Build.0 = Debug|Any CPU
		{5353DF04-C5FC-47B4-A68E-40818D536B0C}.Release|Any CPU.ActiveCfg = Release|Any CPU
		{5353DF04-C5FC-47B4-A68E-40818D536B0C}.Release|Any CPU.Build.0 = Release|Any CPU
		{05AE0BE0-75B8-4F64-8AA0-E8966648F1F4}.Debug|Any CPU.ActiveCfg = Debug|Any CPU
		{05AE0BE0-75B8-4F64-8AA0-E8966648F1F4}.Debug|Any CPU.Build.0 = Debug|Any CPU
		{05AE0BE0-75B8-4F64-8AA0-E8966648F1F4}.Release|Any CPU.ActiveCfg = Release|Any CPU
		{05AE0BE0-75B8-4F64-8AA0-E8966648F1F4}.Release|Any CPU.Build.0 = Release|Any CPU
		{5292FA9D-3C04-41C9-8BD4-A6C96FF7A44D}.Debug|Any CPU.ActiveCfg = Debug|Any CPU
		{5292FA9D-3C04-41C9-8BD4-A6C96FF7A44D}.Debug|Any CPU.Build.0 = Debug|Any CPU
		{5292FA9D-3C04-41C9-8BD4-A6C96FF7A44D}.Release|Any CPU.ActiveCfg = Release|Any CPU
		{5292FA9D-3C04-41C9-8BD4-A6C96FF7A44D}.Release|Any CPU.Build.0 = Release|Any CPU
		{4D5BB9D2-AC11-467B-B674-06307D3B75BB}.Debug|Any CPU.ActiveCfg = Debug|Any CPU
		{4D5BB9D2-AC11-467B-B674-06307D3B75BB}.Debug|Any CPU.Build.0 = Debug|Any CPU
		{4D5BB9D2-AC11-467B-B674-06307D3B75BB}.Release|Any CPU.ActiveCfg = Release|Any CPU
		{4D5BB9D2-AC11-467B-B674-06307D3B75BB}.Release|Any CPU.Build.0 = Release|Any CPU
		{AF94E588-3B67-4E23-B40F-D7BF8CAE1F20}.Debug|Any CPU.ActiveCfg = Debug|Any CPU
		{AF94E588-3B67-4E23-B40F-D7BF8CAE1F20}.Debug|Any CPU.Build.0 = Debug|Any CPU
		{AF94E588-3B67-4E23-B40F-D7BF8CAE1F20}.Release|Any CPU.ActiveCfg = Release|Any CPU
		{AF94E588-3B67-4E23-B40F-D7BF8CAE1F20}.Release|Any CPU.Build.0 = Release|Any CPU
	EndGlobalSection
	GlobalSection(SolutionProperties) = preSolution
		HideSolutionNode = FALSE
	EndGlobalSection
	GlobalSection(NestedProjects) = preSolution
		{9451B4AA-6FB1-4202-8A5A-C88F0CFE1066} = {D019CF30-39DA-454D-B470-027A7748C543}
		{D019CF30-39DA-454D-B470-027A7748C543} = {5538452F-D3D2-419A-8FC4-A79BA8D075DE}
		{64DFCEF5-0FCE-4EC6-AD04-D00B4CB7BD95} = {AF6A5C13-88EE-4179-A99B-E68353083153}
		{AF6A5C13-88EE-4179-A99B-E68353083153} = {5538452F-D3D2-419A-8FC4-A79BA8D075DE}
		{ECF72ECA-4E5A-46B9-9E15-55CE9DB59B1D} = {5538452F-D3D2-419A-8FC4-A79BA8D075DE}
		{A437BE54-21A0-456B-9EF7-F8941EC136E4} = {ECF72ECA-4E5A-46B9-9E15-55CE9DB59B1D}
		{2C99FA4E-7C16-4541-9E3F-69B5A9DCA6C2} = {EF844E29-E92E-403D-9585-481A7E82744F}
		{EF844E29-E92E-403D-9585-481A7E82744F} = {2CB5965B-1C1E-48A3-97DF-919B694DDB90}
		{0242DBCD-A260-4876-B424-34C8507E96C5} = {18991F34-72AF-4712-913A-5708DD7AF006}
		{18991F34-72AF-4712-913A-5708DD7AF006} = {2CB5965B-1C1E-48A3-97DF-919B694DDB90}
		{A3A15670-CB3C-44E7-924B-B33C3F7E7178} = {2CB5965B-1C1E-48A3-97DF-919B694DDB90}
		{5754525B-6A56-499D-9AA6-4CE266CE5573} = {A3A15670-CB3C-44E7-924B-B33C3F7E7178}
		{CB7AF84D-3192-4C83-BC36-FBAC2B7B7616} = {2CB5965B-1C1E-48A3-97DF-919B694DDB90}
		{372FCA39-9F5B-454C-88DC-57E997993BB6} = {CB7AF84D-3192-4C83-BC36-FBAC2B7B7616}
		{E29F3786-0255-4B31-8054-C298B761FFA1} = {6C4B8F5B-4EA2-4C7E-928E-6D841F5854DC}
		{44D4D3A0-F628-4861-A397-4BF829522CDF} = {E29F3786-0255-4B31-8054-C298B761FFA1}
		{30798AA3-2B12-4CCE-8C25-F950CEA94763} = {6C4B8F5B-4EA2-4C7E-928E-6D841F5854DC}
		{BC3E663C-B609-4039-9F6B-1B4E77D34B2A} = {30798AA3-2B12-4CCE-8C25-F950CEA94763}
		{DCBB10A9-DBDC-4C5E-808F-2D72A8992A4A} = {E29F3786-0255-4B31-8054-C298B761FFA1}
		{D24672BC-4D7F-4CE6-AAA3-A09BDB2FBB57} = {E29F3786-0255-4B31-8054-C298B761FFA1}
		{635349B7-C018-47F9-BB7F-98B6542019CC} = {6C4B8F5B-4EA2-4C7E-928E-6D841F5854DC}
		{5353DF04-C5FC-47B4-A68E-40818D536B0C} = {635349B7-C018-47F9-BB7F-98B6542019CC}
		{05AE0BE0-75B8-4F64-8AA0-E8966648F1F4} = {E29F3786-0255-4B31-8054-C298B761FFA1}
		{5292FA9D-3C04-41C9-8BD4-A6C96FF7A44D} = {E29F3786-0255-4B31-8054-C298B761FFA1}
		{4D5BB9D2-AC11-467B-B674-06307D3B75BB} = {E29F3786-0255-4B31-8054-C298B761FFA1}
		{9D71C855-E985-4CBA-8830-162217E360FF} = {14211E2B-8C04-496E-8F89-E889DAF54F66}
		{AF94E588-3B67-4E23-B40F-D7BF8CAE1F20} = {9D71C855-E985-4CBA-8830-162217E360FF}
	EndGlobalSection
	GlobalSection(ExtensibilityGlobals) = postSolution
		SolutionGuid = {1B19C027-38E2-4D1E-8757-5D585EEAE3F6}
	EndGlobalSection
EndGlobal
