
Microsoft Visual Studio Solution File, Format Version 12.00
# Visual Studio Version 17
VisualStudioVersion = 17.11.35219.272
MinimumVisualStudioVersion = 10.0.40219.1
Project("{9A19103F-16F7-4668-BE54-9A1E7A4F7556}") = "Helloworld", "Helloworld\Helloworld.csproj", "{9451B4AA-6FB1-4202-8A5A-C88F0CFE1066}"
EndProject
Project("{2150E333-8FDC-42A3-9474-1A3956D46DE8}") = "Hello_World", "Hello_World", "{D019CF30-39DA-454D-B470-027A7748C543}"
EndProject
Project("{9A19103F-16F7-4668-BE54-9A1E7A4F7556}") = "Calculator", "Calculator\Calculator.csproj", "{64DFCEF5-0FCE-4EC6-AD04-D00B4CB7BD95}"
EndProject
Project("{2150E333-8FDC-42A3-9474-1A3956D46DE8}") = "Calculator_Console", "Calculator_Console", "{AF6A5C13-88EE-4179-A99B-E68353083153}"
EndProject
Project("{2150E333-8FDC-42A3-9474-1A3956D46DE8}") = "Quiz2", "Quiz2", "{ECF72ECA-4E5A-46B9-9E15-55CE9DB59B1D}"
EndProject
Project("{FAE04EC0-301F-11D3-BF4B-00C04F79EFBC}") = "Quiz2", "Quiz2\Quiz2.csproj", "{A437BE54-21A0-456B-9EF7-F8941EC136E4}"
EndProject
Global
	GlobalSection(SolutionConfigurationPlatforms) = preSolution
		Debug|Any CPU = Debug|Any CPU
		Release|Any CPU = Release|Any CPU
	EndGlobalSection
	GlobalSection(ProjectConfigurationPlatforms) = postSolution
		{9451B4AA-6FB1-4202-8A5A-C88F0CFE1066}.Debug|Any CPU.ActiveCfg = Debug|Any CPU
		{9451B4AA-6FB1-4202-8A5A-C88F0CFE1066}.Debug|Any CPU.Build.0 = Debug|Any CPU
		{9451B4AA-6FB1-4202-8A5A-C88F0CFE1066}.Release|Any CPU.ActiveCfg = Release|Any CPU
		{9451B4AA-6FB1-4202-8A5A-C88F0CFE1066}.Release|Any CPU.Build.0 = Release|Any CPU
		{64DFCEF5-0FCE-4EC6-AD04-D00B4CB7BD95}.Debug|Any CPU.ActiveCfg = Debug|Any CPU
		{64DFCEF5-0FCE-4EC6-AD04-D00B4CB7BD95}.Debug|Any CPU.Build.0 = Debug|Any CPU
		{64DFCEF5-0FCE-4EC6-AD04-D00B4CB7BD95}.Release|Any CPU.ActiveCfg = Release|Any CPU
		{64DFCEF5-0FCE-4EC6-AD04-D00B4CB7BD95}.Release|Any CPU.Build.0 = Release|Any CPU
		{A437BE54-21A0-456B-9EF7-F8941EC136E4}.Debug|Any CPU.ActiveCfg = Debug|Any CPU
		{A437BE54-21A0-456B-9EF7-F8941EC136E4}.Debug|Any CPU.Build.0 = Debug|Any CPU
		{A437BE54-21A0-456B-9EF7-F8941EC136E4}.Release|Any CPU.ActiveCfg = Release|Any CPU
		{A437BE54-21A0-456B-9EF7-F8941EC136E4}.Release|Any CPU.Build.0 = Release|Any CPU
	EndGlobalSection
	GlobalSection(SolutionProperties) = preSolution
		HideSolutionNode = FALSE
	EndGlobalSection
	GlobalSection(NestedProjects) = preSolution
		{9451B4AA-6FB1-4202-8A5A-C88F0CFE1066} = {D019CF30-39DA-454D-B470-027A7748C543}
		{64DFCEF5-0FCE-4EC6-AD04-D00B4CB7BD95} = {AF6A5C13-88EE-4179-A99B-E68353083153}
		{A437BE54-21A0-456B-9EF7-F8941EC136E4} = {ECF72ECA-4E5A-46B9-9E15-55CE9DB59B1D}
	EndGlobalSection
	GlobalSection(ExtensibilityGlobals) = postSolution
		SolutionGuid = {1B19C027-38E2-4D1E-8757-5D585EEAE3F6}
	EndGlobalSection
EndGlobal
